
Microsoft Visual Studio Solution File, Format Version 12.00
# Visual Studio Version 16
VisualStudioVersion = 16.0.31112.23
MinimumVisualStudioVersion = 10.0.40219.1
Project("{8BC9CEB8-8B4A-11D0-8D11-00A0C91BC942}") = "Aufgabe1.2_ComputerGrafik", "Aufgabe1.2_ComputerGrafik.vcxproj", "{14BD09AE-50F2-4233-B427-98DDBF90FA3C}"
EndProject
Global
	GlobalSection(SolutionConfigurationPlatforms) = preSolution
		Debug|x64 = Debug|x64
		Debug|x86 = Debug|x86
		Release|x64 = Release|x64
		Release|x86 = Release|x86
	EndGlobalSection
	GlobalSection(ProjectConfigurationPlatforms) = postSolution
		{14BD09AE-50F2-4233-B427-98DDBF90FA3C}.Debug|x64.ActiveCfg = Debug|x64
		{14BD09AE-50F2-4233-B427-98DDBF90FA3C}.Debug|x64.Build.0 = Debug|x64
		{14BD09AE-50F2-4233-B427-98DDBF90FA3C}.Debug|x86.ActiveCfg = Debug|Win32
		{14BD09AE-50F2-4233-B427-98DDBF90FA3C}.Debug|x86.Build.0 = Debug|Win32
		{14BD09AE-50F2-4233-B427-98DDBF90FA3C}.Release|x64.ActiveCfg = Release|x64
		{14BD09AE-50F2-4233-B427-98DDBF90FA3C}.Release|x64.Build.0 = Release|x64
		{14BD09AE-50F2-4233-B427-98DDBF90FA3C}.Release|x86.ActiveCfg = Release|Win32
		{14BD09AE-50F2-4233-B427-98DDBF90FA3C}.Release|x86.Build.0 = Release|Win32
	EndGlobalSection
	GlobalSection(SolutionProperties) = preSolution
		HideSolutionNode = FALSE
	EndGlobalSection
	GlobalSection(ExtensibilityGlobals) = postSolution
		SolutionGuid = {D5D41532-FFF0-4D95-9347-702EFB99162D}
	EndGlobalSection
EndGlobal
